
Microsoft Visual Studio Solution File, Format Version 12.00
# Visual Studio 15
VisualStudioVersion = 15.0.27428.2037
MinimumVisualStudioVersion = 10.0.40219.1
Project("{FAE04EC0-301F-11D3-BF4B-00C04F79EFBC}") = "get", "get\get.csproj", "{90077D75-DD8A-4065-A387-33E936930C3B}"
EndProject
Global
	GlobalSection(SolutionConfigurationPlatforms) = preSolution
		Debug|Any CPU = Debug|Any CPU
		Release|Any CPU = Release|Any CPU
	EndGlobalSection
	GlobalSection(ProjectConfigurationPlatforms) = postSolution
		{90077D75-DD8A-4065-A387-33E936930C3B}.Debug|Any CPU.ActiveCfg = Debug|Any CPU
		{90077D75-DD8A-4065-A387-33E936930C3B}.Debug|Any CPU.Build.0 = Debug|Any CPU
		{90077D75-DD8A-4065-A387-33E936930C3B}.Release|Any CPU.ActiveCfg = Release|Any CPU
		{90077D75-DD8A-4065-A387-33E936930C3B}.Release|Any CPU.Build.0 = Release|Any CPU
	EndGlobalSection
	GlobalSection(SolutionProperties) = preSolution
		HideSolutionNode = FALSE
	EndGlobalSection
	GlobalSection(ExtensibilityGlobals) = postSolution
		SolutionGuid = {66D0872C-D2B0-4C19-BB55-A0CD3BC26939}
	EndGlobalSection
EndGlobal
