
Microsoft Visual Studio Solution File, Format Version 12.00
# Visual Studio 15
VisualStudioVersion = 15.0.28010.2016
MinimumVisualStudioVersion = 10.0.40219.1
Project("{FAE04EC0-301F-11D3-BF4B-00C04F79EFBC}") = "musicApp", "musicApp\musicApp.csproj", "{F58CF74E-9BB1-479A-8CD6-B796F296EDD3}"
EndProject
Global
	GlobalSection(SolutionConfigurationPlatforms) = preSolution
		Debug|Any CPU = Debug|Any CPU
		Release|Any CPU = Release|Any CPU
	EndGlobalSection
	GlobalSection(ProjectConfigurationPlatforms) = postSolution
		{F58CF74E-9BB1-479A-8CD6-B796F296EDD3}.Debug|Any CPU.ActiveCfg = Debug|Any CPU
		{F58CF74E-9BB1-479A-8CD6-B796F296EDD3}.Debug|Any CPU.Build.0 = Debug|Any CPU
		{F58CF74E-9BB1-479A-8CD6-B796F296EDD3}.Release|Any CPU.ActiveCfg = Release|Any CPU
		{F58CF74E-9BB1-479A-8CD6-B796F296EDD3}.Release|Any CPU.Build.0 = Release|Any CPU
	EndGlobalSection
	GlobalSection(SolutionProperties) = preSolution
		HideSolutionNode = FALSE
	EndGlobalSection
	GlobalSection(ExtensibilityGlobals) = postSolution
		SolutionGuid = {527DEC00-6224-4040-BAA3-E196C61ADE18}
	EndGlobalSection
EndGlobal
